кЏW8ЇvПшЮе`X%†#я­ю[NXЭ¬€жўg=Ая­ю[NXЭ¬€жўg=Ая­ю[NXЭ¬€жўg=Ая­ю[NXЭ¬€жўg=Ая­ю[NXЭ¬€жўg=Ая­ю[NXЭ¬€жўg=Ая­ю[NXЭ¬€жўg=Ая­ю[NXЭ¬€жўg=Ая­ю[NXЭ¬€жўg=Ая­ю[NXЭ¬€жўg=Ая­ю[NXЭ¬€жўg=Ая­ю[NXЭ¬€жўg=Ая­ю[NXЭ¬€жўg=Ая­ю[NXЭ¬€жўg=Ая­ю[NXЭ¬€жўg=Ая­ю[NXЭ¬€жўg=Ая­ю[NXЭ¬€жўg=Ая­ю[NXЭ¬€жўg=Ая­ю[NXЭ¬€жўg=Ая­ю[NXЭ¬€жўg=Ая­ю[NXЭ¬€жўg=Ая­ю[NXЭ¬€жўg=Ая­ю[NXЭ¬€жўg=Ая­ю[NXЭ¬€жўg=Ая­ю[NXЭ¬€жўg=Ая­ю[NXЭ¬€жўg=Ая­ю[NXЭ¬€жўg=Ая­ю[NXЭ¬€жўg=Ая­ю[NXЭ¬€жўg=Ая­ю[NXЭ¬€жўg=Ая­ю[NXЭ¬€жўg=Ая­ю[NXЭ¬€жўg=Ая­ю[NXЭ¬€жўg=Ая­ю[NXЭ¬€жўg=Ая­ю[NXЭ¬€жўg=Ая­ю[NXЭ¬€жўg=Ая­ю[NXЭ¬€жўg=Ая­ю[NXЭ¬€жўg=Ая­ю[NXЭ¬€жўg=Ая­ю[NXЭ¬€жўg=Ая­ю[NXЭ¬€жўg=Ая­ю[NXЭ¬€жўg=Ая­ю[NXЭ¬€жўg=Ая­ю[NXЭ¬€жўg=Ая­ю[NXЭ¬€жўg=Ая­ю[NXЭ¬€жўg=Ая­ю[NXЭ¬€жўg=Ая­ю[NXЭ¬€жўg=Ая­ю[NXЭ¬€жўg=Ая­ю[NXЭ¬€жўg=Ая­ю[NXЭ¬€жўg=Ая­ю[NXЭ¬€жўg=Ая­ю[NXЭ¬€жўg=Ая­ю[NXЭ¬€жўg=Ая­ю[NXЭ¬€жўg=Ая­ю[NXЭ¬€жўg=Ая­ю[NXЭ¬€жўg=Ая­ю[NXЭ¬€жўg=Ая­ю[NXЭ¬€жўg=Ая­ю[NXЭ¬€жўg=Ая­ю[NXЭ¬€жўg=Ая­ю[NXЭ¬€жўg=Ая­ю[NXЭ¬€жўg=Ая­ю[NXЭ¬€жўg=Ая­ю[NXЭ¬€жўg=Ая­ю[NXЭ¬€жўg=Ая­ю[NXЭ¬€жўg=Ая­ю[NXЭ¬€жўg=Ая­ю[NXЭ¬€жўg=Ая­ю[NXЭ¬€жўg=Ая­ю[NXЭ¬€жўg=Ая­ю[NXЭ¬€жўg=Ая­ю[NXЭ¬€жўg=Ая­ю[NXЭ¬€жўg=Ая­ю[NXЭ¬€жўg=Ая­ю[NXЭ¬€жўg=Ая­ю[NXЭ¬€жўg=Ая­ю[NXЭ¬€жўg=Ая­ю[NXЭ¬€жўg=Ая­ю[NXЭ¬€жўg=Ая­ю[NXЭ¬€жўg=Ая­ю[NXЭ¬€жўg=Ая­ю[NXЭ¬€жўg=Ая­ю[NXЭ¬€жўg=Ая­ю[NXЭ¬€жўg=Ая­ю[NXЭ¬€жўg=Ая­ю[NXЭ¬€жўg=Ая­ю[NXЭ¬€жўg=Ая­ю[NXЭ¬€жўg=Ая­ю[NXЭ¬€жўg=Ая­ю[NXЭ¬€жўg=Ая­ю[NXЭ¬€жўg=Ая­ю[NXЭ¬€жўg=Ая­ю[NXЭ¬€жўg=Ая­ю[NXЭ¬€жўg=Ая